
Microsoft Visual Studio Solution File, Format Version 12.00
# Visual Studio Version 16
VisualStudioVersion = 16.0.32901.82
MinimumVisualStudioVersion = 10.0.40219.1
Project("{FAE04EC0-301F-11D3-BF4B-00C04F79EFBC}") = "ConsoleApp1", "ConsoleApp1\ConsoleApp1.csproj", "{BDCBD390-1D56-422E-97FB-60E4279D4163}"
EndProject
Global
	GlobalSection(SolutionConfigurationPlatforms) = preSolution
		Debug|Any CPU = Debug|Any CPU
		Release|Any CPU = Release|Any CPU
	EndGlobalSection
	GlobalSection(ProjectConfigurationPlatforms) = postSolution
		{BDCBD390-1D56-422E-97FB-60E4279D4163}.Debug|Any CPU.ActiveCfg = Debug|Any CPU
		{BDCBD390-1D56-422E-97FB-60E4279D4163}.Debug|Any CPU.Build.0 = Debug|Any CPU
		{BDCBD390-1D56-422E-97FB-60E4279D4163}.Release|Any CPU.ActiveCfg = Release|Any CPU
		{BDCBD390-1D56-422E-97FB-60E4279D4163}.Release|Any CPU.Build.0 = Release|Any CPU
	EndGlobalSection
	GlobalSection(SolutionProperties) = preSolution
		HideSolutionNode = FALSE
	EndGlobalSection
	GlobalSection(ExtensibilityGlobals) = postSolution
		SolutionGuid = {B04A755B-2AC2-49C2-A295-4B3139B85B9D}
	EndGlobalSection
EndGlobal
